// !$*UTF8*$!
{
	archiveVersion = 1;
	classes = {
	};
	objectVersion = 77;
	objects = {

/* Begin PBXContainerItemProxy section */
		876175B02F06A11F00BBF5E5 /* PBXContainerItemProxy */ = {
			isa = PBXContainerItemProxy;
			containerPortal = 8761759A2F06A11D00BBF5E5 /* Project object */;
			proxyType = 1;
			remoteGlobalIDString = 876175A12F06A11D00BBF5E5;
			remoteInfo = MomentumBar;
		};
		876175BA2F06A11F00BBF5E5 /* PBXContainerItemProxy */ = {
			isa = PBXContainerItemProxy;
			containerPortal = 8761759A2F06A11D00BBF5E5 /* Project object */;
			proxyType = 1;
			remoteGlobalIDString = 876175A12F06A11D00BBF5E5;
			remoteInfo = MomentumBar;
		};
/* End PBXContainerItemProxy section */

/* Begin PBXFileReference section */
		876175A22F06A11D00BBF5E5 /* MomentumBar.app */ = {isa = PBXFileReference; explicitFileType = wrapper.application; includeInIndex = 0; path = MomentumBar.app; sourceTree = BUILT_PRODUCTS_DIR; };
		876175AF2F06A11F00BBF5E5 /* MomentumBarTests.xctest */ = {isa = PBXFileReference; explicitFileType = wrapper.cfbundle; includeInIndex = 0; path = MomentumBarTests.xctest; sourceTree = BUILT_PRODUCTS_DIR; };
		876175B92F06A11F00BBF5E5 /* MomentumBarUITests.xctest */ = {isa = PBXFileReference; explicitFileType = wrapper.cfbundle; includeInIndex = 0; path = MomentumBarUITests.xctest; sourceTree = BUILT_PRODUCTS_DIR; };
/* End PBXFileReference section */

/* Begin PBXFileSystemSynchronizedRootGroup section */
		876175A42F06A11D00BBF5E5 /* MomentumBar */ = {
			isa = PBXFileSystemSynchronizedRootGroup;
			path = MomentumBar;
			sourceTree = "<group>";
		};
		876175B22F06A11F00BBF5E5 /* MomentumBarTests */ = {
			isa = PBXFileSystemSynchronizedRootGroup;
			path = MomentumBarTests;
			sourceTree = "<group>";
		};
		876175BC2F06A11F00BBF5E5 /* MomentumBarUITests */ = {
			isa = PBXFileSystemSynchronizedRootGroup;
			path = MomentumBarUITests;
			sourceTree = "<group>";
		};
/* End PBXFileSystemSynchronizedRootGroup section */

/* Begin PBXFrameworksBuildPhase section */
		8761759F2F06A11D00BBF5E5 /* Frameworks */ = {
			isa = PBXFrameworksBuildPhase;
			buildActionMask = 2147483647;
			files = (
			);
			runOnlyForDeploymentPostprocessing = 0;
		};
		876175AC2F06A11F00BBF5E5 /* Frameworks */ = {
			isa = PBXFrameworksBuildPhase;
			buildActionMask = 2147483647;
			files = (
			);
			runOnlyForDeploymentPostprocessing = 0;
		};
		876175B62F06A11F00BBF5E5 /* Frameworks */ = {
			isa = PBXFrameworksBuildPhase;
			buildActionMask = 2147483647;
			files = (
			);
			runOnlyForDeploymentPostprocessing = 0;
		};
/* End PBXFrameworksBuildPhase section */

/* Begin PBXGroup section */
		876175992F06A11D00BBF5E5 = {
			isa = PBXGroup;
			children = (
				876175A42F06A11D00BBF5E5 /* MomentumBar */,
				876175B22F06A11F00BBF5E5 /* MomentumBarTests */,
				876175BC2F06A11F00BBF5E5 /* MomentumBarUITests */,
				876175A32F06A11D00BBF5E5 /* Products */,
			);
			sourceTree = "<group>";
		};
		876175A32F06A11D00BBF5E5 /* Products */ = {
			isa = PBXGroup;
			children = (
				876175A22F06A11D00BBF5E5 /* MomentumBar.app */,
				876175AF2F06A11F00BBF5E5 /* MomentumBarTests.xctest */,
				876175B92F06A11F00BBF5E5 /* MomentumBarUITests.xctest */,
			);
			name = Products;
			sourceTree = "<group>";
		};
/* End PBXGroup section */

/* Begin PBXNativeTarget section */
		876175A12F06A11D00BBF5E5 /* MomentumBar */ = {
			isa = PBXNativeTarget;
			buildConfigurationList = 876175C32F06A11F00BBF5E5 /* Build configuration list for PBXNativeTarget "MomentumBar" */;
			buildPhases = (
				8761759E2F06A11D00BBF5E5 /* Sources */,
				8761759F2F06A11D00BBF5E5 /* Frameworks */,
				876175A02F06A11D00BBF5E5 /* Resources */,
			);
			buildRules = (
			);
			dependencies = (
			);
			fileSystemSynchronizedGroups = (
				876175A42F06A11D00BBF5E5 /* MomentumBar */,
			);
			name = MomentumBar;
			packageProductDependencies = (
			);
			productName = MomentumBar;
			productReference = 876175A22F06A11D00BBF5E5 /* MomentumBar.app */;
			productType = "com.apple.product-type.application";
		};
		876175AE2F06A11F00BBF5E5 /* MomentumBarTests */ = {
			isa = PBXNativeTarget;
			buildConfigurationList = 876175C62F06A11F00BBF5E5 /* Build configuration list for PBXNativeTarget "MomentumBarTests" */;
			buildPhases = (
				876175AB2F06A11F00BBF5E5 /* Sources */,
				876175AC2F06A11F00BBF5E5 /* Frameworks */,
				876175AD2F06A11F00BBF5E5 /* Resources */,
			);
			buildRules = (
			);
			dependencies = (
				876175B12F06A11F00BBF5E5 /* PBXTargetDependency */,
			);
			fileSystemSynchronizedGroups = (
				876175B22F06A11F00BBF5E5 /* MomentumBarTests */,
			);
			name = MomentumBarTests;
			packageProductDependencies = (
			);
			productName = MomentumBarTests;
			productReference = 876175AF2F06A11F00BBF5E5 /* MomentumBarTests.xctest */;
			productType = "com.apple.product-type.bundle.unit-test";
		};
		876175B82F06A11F00BBF5E5 /* MomentumBarUITests */ = {
			isa = PBXNativeTarget;
			buildConfigurationList = 876175C92F06A11F00BBF5E5 /* Build configuration list for PBXNativeTarget "MomentumBarUITests" */;
			buildPhases = (
				876175B52F06A11F00BBF5E5 /* Sources */,
				876175B62F06A11F00BBF5E5 /* Frameworks */,
				876175B72F06A11F00BBF5E5 /* Resources */,
			);
			buildRules = (
			);
			dependencies = (
				876175BB2F06A11F00BBF5E5 /* PBXTargetDependency */,
			);
			fileSystemSynchronizedGroups = (
				876175BC2F06A11F00BBF5E5 /* MomentumBarUITests */,
			);
			name = MomentumBarUITests;
			packageProductDependencies = (
			);
			productName = MomentumBarUITests;
			productReference = 876175B92F06A11F00BBF5E5 /* MomentumBarUITests.xctest */;
			productType = "com.apple.product-type.bundle.ui-testing";
		};
/* End PBXNativeTarget section */

/* Begin PBXProject section */
		8761759A2F06A11D00BBF5E5 /* Project object */ = {
			isa = PBXProject;
			attributes = {
				BuildIndependentTargetsInParallel = 1;
				LastSwiftUpdateCheck = 2620;
				LastUpgradeCheck = 2620;
				TargetAttributes = {
					876175A12F06A11D00BBF5E5 = {
						CreatedOnToolsVersion = 26.2;
					};
					876175AE2F06A11F00BBF5E5 = {
						CreatedOnToolsVersion = 26.2;
						TestTargetID = 876175A12F06A11D00BBF5E5;
					};
					876175B82F06A11F00BBF5E5 = {
						CreatedOnToolsVersion = 26.2;
						TestTargetID = 876175A12F06A11D00BBF5E5;
					};
				};
			};
			buildConfigurationList = 8761759D2F06A11D00BBF5E5 /* Build configuration list for PBXProject "MomentumBar" */;
			developmentRegion = en;
			hasScannedForEncodings = 0;
			knownRegions = (
				en,
				Base,
			);
			mainGroup = 876175992F06A11D00BBF5E5;
			minimizedProjectReferenceProxies = 1;
			preferredProjectObjectVersion = 77;
			productRefGroup = 876175A32F06A11D00BBF5E5 /* Products */;
			projectDirPath = "";
			projectRoot = "";
			targets = (
				876175A12F06A11D00BBF5E5 /* MomentumBar */,
				876175AE2F06A11F00BBF5E5 /* MomentumBarTests */,
				876175B82F06A11F00BBF5E5 /* MomentumBarUITests */,
			);
		};
/* End PBXProject section */

/* Begin PBXResourcesBuildPhase section */
		876175A02F06A11D00BBF5E5 /* Resources */ = {
			isa = PBXResourcesBuildPhase;
			buildActionMask = 2147483647;
			files = (
			);
			runOnlyForDeploymentPostprocessing = 0;
		};
		876175AD2F06A11F00BBF5E5 /* Resources */ = {
			isa = PBXResourcesBuildPhase;
			buildActionMask = 2147483647;
			files = (
			);
			runOnlyForDeploymentPostprocessing = 0;
		};
		876175B72F06A11F00BBF5E5 /* Resources */ = {
			isa = PBXResourcesBuildPhase;
			buildActionMask = 2147483647;
			files = (
			);
			runOnlyForDeploymentPostprocessing = 0;
		};
/* End PBXResourcesBuildPhase section */

/* Begin PBXSourcesBuildPhase section */
		8761759E2F06A11D00BBF5E5 /* Sources */ = {
			isa = PBXSourcesBuildPhase;
			buildActionMask = 2147483647;
			files = (
			);
			runOnlyForDeploymentPostprocessing = 0;
		};
		876175AB2F06A11F00BBF5E5 /* Sources */ = {
			isa = PBXSourcesBuildPhase;
			buildActionMask = 2147483647;
			files = (
			);
			runOnlyForDeploymentPostprocessing = 0;
		};
		876175B52F06A11F00BBF5E5 /* Sources */ = {
			isa = PBXSourcesBuildPhase;
			buildActionMask = 2147483647;
			files = (
			);
			runOnlyForDeploymentPostprocessing = 0;
		};
/* End PBXSourcesBuildPhase section */

/* Begin PBXTargetDependency section */
		876175B12F06A11F00BBF5E5 /* PBXTargetDependency */ = {
			isa = PBXTargetDependency;
			target = 876175A12F06A11D00BBF5E5 /* MomentumBar */;
			targetProxy = 876175B02F06A11F00BBF5E5 /* PBXContainerItemProxy */;
		};
		876175BB2F06A11F00BBF5E5 /* PBXTargetDependency */ = {
			isa = PBXTargetDependency;
			target = 876175A12F06A11D00BBF5E5 /* MomentumBar */;
			targetProxy = 876175BA2F06A11F00BBF5E5 /* PBXContainerItemProxy */;
		};
/* End PBXTargetDependency section */

/* Begin XCBuildConfiguration section */
		876175C12F06A11F00BBF5E5 /* Debug */ = {
			isa = XCBuildConfiguration;
			buildSettings = {
				ALWAYS_SEARCH_USER_PATHS = NO;
				ASSETCATALOG_COMPILER_GENERATE_SWIFT_ASSET_SYMBOL_EXTENSIONS = YES;
				CLANG_ANALYZER_NONNULL = YES;
				CLANG_ANALYZER_NUMBER_OBJECT_CONVERSION = YES_AGGRESSIVE;
				CLANG_CXX_LANGUAGE_STANDARD = "gnu++20";
				CLANG_ENABLE_MODULES = YES;
				CLANG_ENABLE_OBJC_ARC = YES;
				CLANG_ENABLE_OBJC_WEAK = YES;
				CLANG_WARN_BLOCK_CAPTURE_AUTORELEASING = YES;
				CLANG_WARN_BOOL_CONVERSION = YES;
				CLANG_WARN_COMMA = YES;
				CLANG_WARN_CONSTANT_CONVERSION = YES;
				CLANG_WARN_DEPRECATED_OBJC_IMPLEMENTATIONS = YES;
				CLANG_WARN_DIRECT_OBJC_ISA_USAGE = YES_ERROR;
				CLANG_WARN_DOCUMENTATION_COMMENTS = YES;
				CLANG_WARN_EMPTY_BODY = YES;
				CLANG_WARN_ENUM_CONVERSION = YES;
				CLANG_WARN_INFINITE_RECURSION = YES;
				CLANG_WARN_INT_CONVERSION = YES;
				CLANG_WARN_NON_LITERAL_NULL_CONVERSION = YES;
				CLANG_WARN_OBJC_IMPLICIT_RETAIN_SELF = YES;
				CLANG_WARN_OBJC_LITERAL_CONVERSION = YES;
				CLANG_WARN_OBJC_ROOT_CLASS = YES_ERROR;
				CLANG_WARN_QUOTED_INCLUDE_IN_FRAMEWORK_HEADER = YES;
				CLANG_WARN_RANGE_LOOP_ANALYSIS = YES;
				CLANG_WARN_STRICT_PROTOTYPES = YES;
				CLANG_WARN_SUSPICIOUS_MOVE = YES;
				CLANG_WARN_UNGUARDED_AVAILABILITY = YES_AGGRESSIVE;
				CLANG_WARN_UNREACHABLE_CODE = YES;
				CLANG_WARN__DUPLICATE_METHOD_MATCH = YES;
				COPY_PHASE_STRIP = NO;
				DEBUG_INFORMATION_FORMAT = dwarf;
				DEVELOPMENT_TEAM = 3CAJN6L683;
				ENABLE_STRICT_OBJC_MSGSEND = YES;
				ENABLE_TESTABILITY = YES;
				ENABLE_USER_SCRIPT_SANDBOXING = YES;
				GCC_C_LANGUAGE_STANDARD = gnu17;
				GCC_DYNAMIC_NO_PIC = NO;
				GCC_NO_COMMON_BLOCKS = YES;
				GCC_OPTIMIZATION_LEVEL = 0;
				GCC_PREPROCESSOR_DEFINITIONS = (
					"DEBUG=1",
					"$(inherited)",
				);
				GCC_WARN_64_TO_32_BIT_CONVERSION = YES;
				GCC_WARN_ABOUT_RETURN_TYPE = YES_ERROR;
				GCC_WARN_UNDECLARED_SELECTOR = YES;
				GCC_WARN_UNINITIALIZED_AUTOS = YES_AGGRESSIVE;
				GCC_WARN_UNUSED_FUNCTION = YES;
				GCC_WARN_UNUSED_VARIABLE = YES;
				LOCALIZATION_PREFERS_STRING_CATALOGS = YES;
				MACOSX_DEPLOYMENT_TARGET = 26.2;
				MTL_ENABLE_DEBUG_INFO = INCLUDE_SOURCE;
				MTL_FAST_MATH = YES;
				ONLY_ACTIVE_ARCH = YES;
				SDKROOT = macosx;
				SWIFT_ACTIVE_COMPILATION_CONDITIONS = "DEBUG $(inherited)";
				SWIFT_OPTIMIZATION_LEVEL = "-Onone";
			};
			name = Debug;
		};
		876175C22F06A11F00BBF5E5 /* Release */ = {
			isa = XCBuildConfiguration;
			buildSettings = {
				ALWAYS_SEARCH_USER_PATHS = NO;
				ASSETCATALOG_COMPILER_GENERATE_SWIFT_ASSET_SYMBOL_EXTENSIONS = YES;
				CLANG_ANALYZER_NONNULL = YES;
				CLANG_ANALYZER_NUMBER_OBJECT_CONVERSION = YES_AGGRESSIVE;
				CLANG_CXX_LANGUAGE_STANDARD = "gnu++20";
				CLANG_ENABLE_MODULES = YES;
				CLANG_ENABLE_OBJC_ARC = YES;
				CLANG_ENABLE_OBJC_WEAK = YES;
				CLANG_WARN_BLOCK_CAPTURE_AUTORELEASING = YES;
				CLANG_WARN_BOOL_CONVERSION = YES;
				CLANG_WARN_COMMA = YES;
				CLANG_WARN_CONSTANT_CONVERSION = YES;
				CLANG_WARN_DEPRECATED_OBJC_IMPLEMENTATIONS = YES;
				CLANG_WARN_DIRECT_OBJC_ISA_USAGE = YES_ERROR;
				CLANG_WARN_DOCUMENTATION_COMMENTS = YES;
				CLANG_WARN_EMPTY_BODY = YES;
				CLANG_WARN_ENUM_CONVERSION = YES;
				CLANG_WARN_INFINITE_RECURSION = YES;
				CLANG_WARN_INT_CONVERSION = YES;
				CLANG_WARN_NON_LITERAL_NULL_CONVERSION = YES;
				CLANG_WARN_OBJC_IMPLICIT_RETAIN_SELF = YES;
				CLANG_WARN_OBJC_LITERAL_CONVERSION = YES;
				CLANG_WARN_OBJC_ROOT_CLASS = YES_ERROR;
				CLANG_WARN_QUOTED_INCLUDE_IN_FRAMEWORK_HEADER = YES;
				CLANG_WARN_RANGE_LOOP_ANALYSIS = YES;
				CLANG_WARN_STRICT_PROTOTYPES = YES;
				CLANG_WARN_SUSPICIOUS_MOVE = YES;
				CLANG_WARN_UNGUARDED_AVAILABILITY = YES_AGGRESSIVE;
				CLANG_WARN_UNREACHABLE_CODE = YES;
				CLANG_WARN__DUPLICATE_METHOD_MATCH = YES;
				COPY_PHASE_STRIP = NO;
				DEBUG_INFORMATION_FORMAT = "dwarf-with-dsym";
				DEVELOPMENT_TEAM = 3CAJN6L683;
				ENABLE_NS_ASSERTIONS = NO;
				ENABLE_STRICT_OBJC_MSGSEND = YES;
				ENABLE_USER_SCRIPT_SANDBOXING = YES;
				GCC_C_LANGUAGE_STANDARD = gnu17;
				GCC_NO_COMMON_BLOCKS = YES;
				GCC_WARN_64_TO_32_BIT_CONVERSION = YES;
				GCC_WARN_ABOUT_RETURN_TYPE = YES_ERROR;
				GCC_WARN_UNDECLARED_SELECTOR = YES;
				GCC_WARN_UNINITIALIZED_AUTOS = YES_AGGRESSIVE;
				GCC_WARN_UNUSED_FUNCTION = YES;
				GCC_WARN_UNUSED_VARIABLE = YES;
				LOCALIZATION_PREFERS_STRING_CATALOGS = YES;
				MACOSX_DEPLOYMENT_TARGET = 26.2;
				MTL_ENABLE_DEBUG_INFO = NO;
				MTL_FAST_MATH = YES;
				SDKROOT = macosx;
				SWIFT_COMPILATION_MODE = wholemodule;
			};
			name = Release;
		};
		876175C42F06A11F00BBF5E5 /* Debug */ = {
			isa = XCBuildConfiguration;
			buildSettings = {
				ASSETCATALOG_COMPILER_APPICON_NAME = AppIcon;
				ASSETCATALOG_COMPILER_GLOBAL_ACCENT_COLOR_NAME = AccentColor;
				CODE_SIGN_ENTITLEMENTS = MomentumBar/MomentumBar.entitlements;
				CODE_SIGN_STYLE = Automatic;
				COMBINE_HIDPI_IMAGES = YES;
				CURRENT_PROJECT_VERSION = 1;
				DEVELOPMENT_TEAM = 3CAJN6L683;
				ENABLE_APP_SANDBOX = YES;
				ENABLE_CALENDARS = YES;
				ENABLE_HARDENED_RUNTIME = YES;
				ENABLE_PREVIEWS = YES;
				ENABLE_USER_SELECTED_FILES = readonly;
				GENERATE_INFOPLIST_FILE = YES;
				INFOPLIST_KEY_LSUIElement = YES;
				INFOPLIST_KEY_NSCalendarsUsageDescription = "MomentumBar displays your upcoming meetings and allows one-click joining of video calls.";
				INFOPLIST_KEY_NSHumanReadableCopyright = "";
				LD_RUNPATH_SEARCH_PATHS = (
					"$(inherited)",
					"@executable_path/../Frameworks",
				);
				MARKETING_VERSION = 1.0;
				PRODUCT_BUNDLE_IDENTIFIER = ykgroup.MomentumBar;
				PRODUCT_NAME = "$(TARGET_NAME)";
				REGISTER_APP_GROUPS = YES;
				STRING_CATALOG_GENERATE_SYMBOLS = YES;
				SWIFT_APPROACHABLE_CONCURRENCY = YES;
				SWIFT_DEFAULT_ACTOR_ISOLATION = MainActor;
				SWIFT_EMIT_LOC_STRINGS = YES;
				SWIFT_UPCOMING_FEATURE_MEMBER_IMPORT_VISIBILITY = YES;
				SWIFT_VERSION = 5.0;
			};
			name = Debug;
		};
		876175C52F06A11F00BBF5E5 /* Release */ = {
			isa = XCBuildConfiguration;
			buildSettings = {
				ASSETCATALOG_COMPILER_APPICON_NAME = AppIcon;
				ASSETCATALOG_COMPILER_GLOBAL_ACCENT_COLOR_NAME = AccentColor;
				CODE_SIGN_ENTITLEMENTS = MomentumBar/MomentumBar.entitlements;
				CODE_SIGN_STYLE = Automatic;
				COMBINE_HIDPI_IMAGES = YES;
				CURRENT_PROJECT_VERSION = 1;
				DEVELOPMENT_TEAM = 3CAJN6L683;
				ENABLE_APP_SANDBOX = YES;
				ENABLE_CALENDARS = YES;
				ENABLE_HARDENED_RUNTIME = YES;
				ENABLE_PREVIEWS = YES;
				ENABLE_USER_SELECTED_FILES = readonly;
				GENERATE_INFOPLIST_FILE = YES;
				INFOPLIST_KEY_LSUIElement = YES;
				INFOPLIST_KEY_NSCalendarsUsageDescription = "MomentumBar displays your upcoming meetings and allows one-click joining of video calls.";
				INFOPLIST_KEY_NSHumanReadableCopyright = "";
				LD_RUNPATH_SEARCH_PATHS = (
					"$(inherited)",
					"@executable_path/../Frameworks",
				);
				MARKETING_VERSION = 1.0;
				PRODUCT_BUNDLE_IDENTIFIER = ykgroup.MomentumBar;
				PRODUCT_NAME = "$(TARGET_NAME)";
				REGISTER_APP_GROUPS = YES;
				STRING_CATALOG_GENERATE_SYMBOLS = YES;
				SWIFT_APPROACHABLE_CONCURRENCY = YES;
				SWIFT_DEFAULT_ACTOR_ISOLATION = MainActor;
				SWIFT_EMIT_LOC_STRINGS = YES;
				SWIFT_UPCOMING_FEATURE_MEMBER_IMPORT_VISIBILITY = YES;
				SWIFT_VERSION = 5.0;
			};
			name = Release;
		};
		876175C72F06A11F00BBF5E5 /* Debug */ = {
			isa = XCBuildConfiguration;
			buildSettings = {
				BUNDLE_LOADER = "$(TEST_HOST)";
				CODE_SIGN_STYLE = Automatic;
				CURRENT_PROJECT_VERSION = 1;
				DEVELOPMENT_TEAM = 3CAJN6L683;
				GENERATE_INFOPLIST_FILE = YES;
				MACOSX_DEPLOYMENT_TARGET = 26.2;
				MARKETING_VERSION = 1.0;
				PRODUCT_BUNDLE_IDENTIFIER = ykgroup.MomentumBarTests;
				PRODUCT_NAME = "$(TARGET_NAME)";
				STRING_CATALOG_GENERATE_SYMBOLS = NO;
				SWIFT_APPROACHABLE_CONCURRENCY = YES;
				SWIFT_EMIT_LOC_STRINGS = NO;
				SWIFT_UPCOMING_FEATURE_MEMBER_IMPORT_VISIBILITY = YES;
				SWIFT_VERSION = 5.0;
				TEST_HOST = "$(BUILT_PRODUCTS_DIR)/MomentumBar.app/$(BUNDLE_EXECUTABLE_FOLDER_PATH)/MomentumBar";
			};
			name = Debug;
		};
		876175C82F06A11F00BBF5E5 /* Release */ = {
			isa = XCBuildConfiguration;
			buildSettings = {
				BUNDLE_LOADER = "$(TEST_HOST)";
				CODE_SIGN_STYLE = Automatic;
				CURRENT_PROJECT_VERSION = 1;
				DEVELOPMENT_TEAM = 3CAJN6L683;
				GENERATE_INFOPLIST_FILE = YES;
				MACOSX_DEPLOYMENT_TARGET = 26.2;
				MARKETING_VERSION = 1.0;
				PRODUCT_BUNDLE_IDENTIFIER = ykgroup.MomentumBarTests;
				PRODUCT_NAME = "$(TARGET_NAME)";
				STRING_CATALOG_GENERATE_SYMBOLS = NO;
				SWIFT_APPROACHABLE_CONCURRENCY = YES;
				SWIFT_EMIT_LOC_STRINGS = NO;
				SWIFT_UPCOMING_FEATURE_MEMBER_IMPORT_VISIBILITY = YES;
				SWIFT_VERSION = 5.0;
				TEST_HOST = "$(BUILT_PRODUCTS_DIR)/MomentumBar.app/$(BUNDLE_EXECUTABLE_FOLDER_PATH)/MomentumBar";
			};
			name = Release;
		};
		876175CA2F06A11F00BBF5E5 /* Debug */ = {
			isa = XCBuildConfiguration;
			buildSettings = {
				CODE_SIGN_STYLE = Automatic;
				CURRENT_PROJECT_VERSION = 1;
				DEVELOPMENT_TEAM = 3CAJN6L683;
				GENERATE_INFOPLIST_FILE = YES;
				MARKETING_VERSION = 1.0;
				PRODUCT_BUNDLE_IDENTIFIER = ykgroup.MomentumBarUITests;
				PRODUCT_NAME = "$(TARGET_NAME)";
				STRING_CATALOG_GENERATE_SYMBOLS = NO;
				SWIFT_APPROACHABLE_CONCURRENCY = YES;
				SWIFT_EMIT_LOC_STRINGS = NO;
				SWIFT_UPCOMING_FEATURE_MEMBER_IMPORT_VISIBILITY = YES;
				SWIFT_VERSION = 5.0;
				TEST_TARGET_NAME = MomentumBar;
			};
			name = Debug;
		};
		876175CB2F06A11F00BBF5E5 /* Release */ = {
			isa = XCBuildConfiguration;
			buildSettings = {
				CODE_SIGN_STYLE = Automatic;
				CURRENT_PROJECT_VERSION = 1;
				DEVELOPMENT_TEAM = 3CAJN6L683;
				GENERATE_INFOPLIST_FILE = YES;
				MARKETING_VERSION = 1.0;
				PRODUCT_BUNDLE_IDENTIFIER = ykgroup.MomentumBarUITests;
				PRODUCT_NAME = "$(TARGET_NAME)";
				STRING_CATALOG_GENERATE_SYMBOLS = NO;
				SWIFT_APPROACHABLE_CONCURRENCY = YES;
				SWIFT_EMIT_LOC_STRINGS = NO;
				SWIFT_UPCOMING_FEATURE_MEMBER_IMPORT_VISIBILITY = YES;
				SWIFT_VERSION = 5.0;
				TEST_TARGET_NAME = MomentumBar;
			};
			name = Release;
		};
/* End XCBuildConfiguration section */

/* Begin XCConfigurationList section */
		8761759D2F06A11D00BBF5E5 /* Build configuration list for PBXProject "MomentumBar" */ = {
			isa = XCConfigurationList;
			buildConfigurations = (
				876175C12F06A11F00BBF5E5 /* Debug */,
				876175C22F06A11F00BBF5E5 /* Release */,
			);
			defaultConfigurationIsVisible = 0;
			defaultConfigurationName = Release;
		};
		876175C32F06A11F00BBF5E5 /* Build configuration list for PBXNativeTarget "MomentumBar" */ = {
			isa = XCConfigurationList;
			buildConfigurations = (
				876175C42F06A11F00BBF5E5 /* Debug */,
				876175C52F06A11F00BBF5E5 /* Release */,
			);
			defaultConfigurationIsVisible = 0;
			defaultConfigurationName = Release;
		};
		876175C62F06A11F00BBF5E5 /* Build configuration list for PBXNativeTarget "MomentumBarTests" */ = {
			isa = XCConfigurationList;
			buildConfigurations = (
				876175C72F06A11F00BBF5E5 /* Debug */,
				876175C82F06A11F00BBF5E5 /* Release */,
			);
			defaultConfigurationIsVisible = 0;
			defaultConfigurationName = Release;
		};
		876175C92F06A11F00BBF5E5 /* Build configuration list for PBXNativeTarget "MomentumBarUITests" */ = {
			isa = XCConfigurationList;
			buildConfigurations = (
				876175CA2F06A11F00BBF5E5 /* Debug */,
				876175CB2F06A11F00BBF5E5 /* Release */,
			);
			defaultConfigurationIsVisible = 0;
			defaultConfigurationName = Release;
		};
/* End XCConfigurationList section */
	};
	rootObject = 8761759A2F06A11D00BBF5E5 /* Project object */;
}
